// !$*UTF8*$!
{
	archiveVersion = 1;
	classes = {
	};
	objectVersion = 56;
	objects = {

/* Begin PBXBuildFile section */
		43C5A1CB28DF7306004FD8B1 /* Tic_Tac_ToeApp.swift in Sources */ = {isa = PBXBuildFile; fileRef = 43C5A1CA28DF7306004FD8B1 /* Tic_Tac_ToeApp.swift */; };
		43C5A1CD28DF7306004FD8B1 /* ContentView.swift in Sources */ = {isa = PBXBuildFile; fileRef = 43C5A1CC28DF7306004FD8B1 /* ContentView.swift */; };
		43C5A1CF28DF7307004FD8B1 /* Assets.xcassets in Resources */ = {isa = PBXBuildFile; fileRef = 43C5A1CE28DF7307004FD8B1 /* Assets.xcassets */; };
		43C5A1D228DF7307004FD8B1 /* Preview Assets.xcassets in Resources */ = {isa = PBXBuildFile; fileRef = 43C5A1D128DF7307004FD8B1 /* Preview Assets.xcassets */; };
		43C5A1DC28DF7307004FD8B1 /* Tic_Tac_ToeTests.swift in Sources */ = {isa = PBXBuildFile; fileRef = 43C5A1DB28DF7307004FD8B1 /* Tic_Tac_ToeTests.swift */; };
		43C5A1E628DF7307004FD8B1 /* Tic_Tac_ToeUITests.swift in Sources */ = {isa = PBXBuildFile; fileRef = 43C5A1E528DF7307004FD8B1 /* Tic_Tac_ToeUITests.swift */; };
		43C5A1E828DF7307004FD8B1 /* Tic_Tac_ToeUITestsLaunchTests.swift in Sources */ = {isa = PBXBuildFile; fileRef = 43C5A1E728DF7307004FD8B1 /* Tic_Tac_ToeUITestsLaunchTests.swift */; };
		43C5A1F528DF8B95004FD8B1 /* Alert.swift in Sources */ = {isa = PBXBuildFile; fileRef = 43C5A1F428DF8B95004FD8B1 /* Alert.swift */; };
/* End PBXBuildFile section */

/* Begin PBXContainerItemProxy section */
		43C5A1D828DF7307004FD8B1 /* PBXContainerItemProxy */ = {
			isa = PBXContainerItemProxy;
			containerPortal = 43C5A1BF28DF7306004FD8B1 /* Project object */;
			proxyType = 1;
			remoteGlobalIDString = 43C5A1C628DF7306004FD8B1;
			remoteInfo = "Tic Tac Toe";
		};
		43C5A1E228DF7307004FD8B1 /* PBXContainerItemProxy */ = {
			isa = PBXContainerItemProxy;
			containerPortal = 43C5A1BF28DF7306004FD8B1 /* Project object */;
			proxyType = 1;
			remoteGlobalIDString = 43C5A1C628DF7306004FD8B1;
			remoteInfo = "Tic Tac Toe";
		};
/* End PBXContainerItemProxy section */

/* Begin PBXFileReference section */
		43C5A1C728DF7306004FD8B1 /* Tic Tac Toe.app */ = {isa = PBXFileReference; explicitFileType = wrapper.application; includeInIndex = 0; path = "Tic Tac Toe.app"; sourceTree = BUILT_PRODUCTS_DIR; };
		43C5A1CA28DF7306004FD8B1 /* Tic_Tac_ToeApp.swift */ = {isa = PBXFileReference; lastKnownFileType = sourcecode.swift; path = Tic_Tac_ToeApp.swift; sourceTree = "<group>"; };
		43C5A1CC28DF7306004FD8B1 /* ContentView.swift */ = {isa = PBXFileReference; lastKnownFileType = sourcecode.swift; path = ContentView.swift; sourceTree = "<group>"; };
		43C5A1CE28DF7307004FD8B1 /* Assets.xcassets */ = {isa = PBXFileReference; lastKnownFileType = folder.assetcatalog; path = Assets.xcassets; sourceTree = "<group>"; };
		43C5A1D128DF7307004FD8B1 /* Preview Assets.xcassets */ = {isa = PBXFileReference; lastKnownFileType = folder.assetcatalog; path = "Preview Assets.xcassets"; sourceTree = "<group>"; };
		43C5A1D728DF7307004FD8B1 /* Tic Tac ToeTests.xctest */ = {isa = PBXFileReference; explicitFileType = wrapper.cfbundle; includeInIndex = 0; path = "Tic Tac ToeTests.xctest"; sourceTree = BUILT_PRODUCTS_DIR; };
		43C5A1DB28DF7307004FD8B1 /* Tic_Tac_ToeTests.swift */ = {isa = PBXFileReference; lastKnownFileType = sourcecode.swift; path = Tic_Tac_ToeTests.swift; sourceTree = "<group>"; };
		43C5A1E128DF7307004FD8B1 /* Tic Tac ToeUITests.xctest */ = {isa = PBXFileReference; explicitFileType = wrapper.cfbundle; includeInIndex = 0; path = "Tic Tac ToeUITests.xctest"; sourceTree = BUILT_PRODUCTS_DIR; };
		43C5A1E528DF7307004FD8B1 /* Tic_Tac_ToeUITests.swift */ = {isa = PBXFileReference; lastKnownFileType = sourcecode.swift; path = Tic_Tac_ToeUITests.swift; sourceTree = "<group>"; };
		43C5A1E728DF7307004FD8B1 /* Tic_Tac_ToeUITestsLaunchTests.swift */ = {isa = PBXFileReference; lastKnownFileType = sourcecode.swift; path = Tic_Tac_ToeUITestsLaunchTests.swift; sourceTree = "<group>"; };
		43C5A1F428DF8B95004FD8B1 /* Alert.swift */ = {isa = PBXFileReference; lastKnownFileType = sourcecode.swift; path = Alert.swift; sourceTree = "<group>"; };
/* End PBXFileReference section */

/* Begin PBXFrameworksBuildPhase section */
		43C5A1C428DF7306004FD8B1 /* Frameworks */ = {
			isa = PBXFrameworksBuildPhase;
			buildActionMask = 2147483647;
			files = (
			);
			runOnlyForDeploymentPostprocessing = 0;
		};
		43C5A1D428DF7307004FD8B1 /* Frameworks */ = {
			isa = PBXFrameworksBuildPhase;
			buildActionMask = 2147483647;
			files = (
			);
			runOnlyForDeploymentPostprocessing = 0;
		};
		43C5A1DE28DF7307004FD8B1 /* Frameworks */ = {
			isa = PBXFrameworksBuildPhase;
			buildActionMask = 2147483647;
			files = (
			);
			runOnlyForDeploymentPostprocessing = 0;
		};
/* End PBXFrameworksBuildPhase section */

/* Begin PBXGroup section */
		43C5A1BE28DF7306004FD8B1 = {
			isa = PBXGroup;
			children = (
				43C5A1C928DF7306004FD8B1 /* Tic Tac Toe */,
				43C5A1DA28DF7307004FD8B1 /* Tic Tac ToeTests */,
				43C5A1E428DF7307004FD8B1 /* Tic Tac ToeUITests */,
				43C5A1C828DF7306004FD8B1 /* Products */,
			);
			sourceTree = "<group>";
		};
		43C5A1C828DF7306004FD8B1 /* Products */ = {
			isa = PBXGroup;
			children = (
				43C5A1C728DF7306004FD8B1 /* Tic Tac Toe.app */,
				43C5A1D728DF7307004FD8B1 /* Tic Tac ToeTests.xctest */,
				43C5A1E128DF7307004FD8B1 /* Tic Tac ToeUITests.xctest */,
			);
			name = Products;
			sourceTree = "<group>";
		};
		43C5A1C928DF7306004FD8B1 /* Tic Tac Toe */ = {
			isa = PBXGroup;
			children = (
				43C5A1F428DF8B95004FD8B1 /* Alert.swift */,
				43C5A1CA28DF7306004FD8B1 /* Tic_Tac_ToeApp.swift */,
				43C5A1CC28DF7306004FD8B1 /* ContentView.swift */,
				43C5A1CE28DF7307004FD8B1 /* Assets.xcassets */,
				43C5A1D028DF7307004FD8B1 /* Preview Content */,
			);
			path = "Tic Tac Toe";
			sourceTree = "<group>";
		};
		43C5A1D028DF7307004FD8B1 /* Preview Content */ = {
			isa = PBXGroup;
			children = (
				43C5A1D128DF7307004FD8B1 /* Preview Assets.xcassets */,
			);
			path = "Preview Content";
			sourceTree = "<group>";
		};
		43C5A1DA28DF7307004FD8B1 /* Tic Tac ToeTests */ = {
			isa = PBXGroup;
			children = (
				43C5A1DB28DF7307004FD8B1 /* Tic_Tac_ToeTests.swift */,
			);
			path = "Tic Tac ToeTests";
			sourceTree = "<group>";
		};
		43C5A1E428DF7307004FD8B1 /* Tic Tac ToeUITests */ = {
			isa = PBXGroup;
			children = (
				43C5A1E528DF7307004FD8B1 /* Tic_Tac_ToeUITests.swift */,
				43C5A1E728DF7307004FD8B1 /* Tic_Tac_ToeUITestsLaunchTests.swift */,
			);
			path = "Tic Tac ToeUITests";
			sourceTree = "<group>";
		};
/* End PBXGroup section */

/* Begin PBXNativeTarget section */
		43C5A1C628DF7306004FD8B1 /* Tic Tac Toe */ = {
			isa = PBXNativeTarget;
			buildConfigurationList = 43C5A1EB28DF7307004FD8B1 /* Build configuration list for PBXNativeTarget "Tic Tac Toe" */;
			buildPhases = (
				43C5A1C328DF7306004FD8B1 /* Sources */,
				43C5A1C428DF7306004FD8B1 /* Frameworks */,
				43C5A1C528DF7306004FD8B1 /* Resources */,
			);
			buildRules = (
			);
			dependencies = (
			);
			name = "Tic Tac Toe";
			productName = "Tic Tac Toe";
			productReference = 43C5A1C728DF7306004FD8B1 /* Tic Tac Toe.app */;
			productType = "com.apple.product-type.application";
		};
		43C5A1D628DF7307004FD8B1 /* Tic Tac ToeTests */ = {
			isa = PBXNativeTarget;
			buildConfigurationList = 43C5A1EE28DF7307004FD8B1 /* Build configuration list for PBXNativeTarget "Tic Tac ToeTests" */;
			buildPhases = (
				43C5A1D328DF7307004FD8B1 /* Sources */,
				43C5A1D428DF7307004FD8B1 /* Frameworks */,
				43C5A1D528DF7307004FD8B1 /* Resources */,
			);
			buildRules = (
			);
			dependencies = (
				43C5A1D928DF7307004FD8B1 /* PBXTargetDependency */,
			);
			name = "Tic Tac ToeTests";
			productName = "Tic Tac ToeTests";
			productReference = 43C5A1D728DF7307004FD8B1 /* Tic Tac ToeTests.xctest */;
			productType = "com.apple.product-type.bundle.unit-test";
		};
		43C5A1E028DF7307004FD8B1 /* Tic Tac ToeUITests */ = {
			isa = PBXNativeTarget;
			buildConfigurationList = 43C5A1F128DF7307004FD8B1 /* Build configuration list for PBXNativeTarget "Tic Tac ToeUITests" */;
			buildPhases = (
				43C5A1DD28DF7307004FD8B1 /* Sources */,
				43C5A1DE28DF7307004FD8B1 /* Frameworks */,
				43C5A1DF28DF7307004FD8B1 /* Resources */,
			);
			buildRules = (
			);
			dependencies = (
				43C5A1E328DF7307004FD8B1 /* PBXTargetDependency */,
			);
			name = "Tic Tac ToeUITests";
			productName = "Tic Tac ToeUITests";
			productReference = 43C5A1E128DF7307004FD8B1 /* Tic Tac ToeUITests.xctest */;
			productType = "com.apple.product-type.bundle.ui-testing";
		};
/* End PBXNativeTarget section */

/* Begin PBXProject section */
		43C5A1BF28DF7306004FD8B1 /* Project object */ = {
			isa = PBXProject;
			attributes = {
				BuildIndependentTargetsInParallel = 1;
				LastSwiftUpdateCheck = 1400;
				LastUpgradeCheck = 1400;
				TargetAttributes = {
					43C5A1C628DF7306004FD8B1 = {
						CreatedOnToolsVersion = 14.0;
					};
					43C5A1D628DF7307004FD8B1 = {
						CreatedOnToolsVersion = 14.0;
						TestTargetID = 43C5A1C628DF7306004FD8B1;
					};
					43C5A1E028DF7307004FD8B1 = {
						CreatedOnToolsVersion = 14.0;
						TestTargetID = 43C5A1C628DF7306004FD8B1;
					};
				};
			};
			buildConfigurationList = 43C5A1C228DF7306004FD8B1 /* Build configuration list for PBXProject "Tic Tac Toe" */;
			compatibilityVersion = "Xcode 14.0";
			developmentRegion = en;
			hasScannedForEncodings = 0;
			knownRegions = (
				en,
				Base,
			);
			mainGroup = 43C5A1BE28DF7306004FD8B1;
			productRefGroup = 43C5A1C828DF7306004FD8B1 /* Products */;
			projectDirPath = "";
			projectRoot = "";
			targets = (
				43C5A1C628DF7306004FD8B1 /* Tic Tac Toe */,
				43C5A1D628DF7307004FD8B1 /* Tic Tac ToeTests */,
				43C5A1E028DF7307004FD8B1 /* Tic Tac ToeUITests */,
			);
		};
/* End PBXProject section */

/* Begin PBXResourcesBuildPhase section */
		43C5A1C528DF7306004FD8B1 /* Resources */ = {
			isa = PBXResourcesBuildPhase;
			buildActionMask = 2147483647;
			files = (
				43C5A1D228DF7307004FD8B1 /* Preview Assets.xcassets in Resources */,
				43C5A1CF28DF7307004FD8B1 /* Assets.xcassets in Resources */,
			);
			runOnlyForDeploymentPostprocessing = 0;
		};
		43C5A1D528DF7307004FD8B1 /* Resources */ = {
			isa = PBXResourcesBuildPhase;
			buildActionMask = 2147483647;
			files = (
			);
			runOnlyForDeploymentPostprocessing = 0;
		};
		43C5A1DF28DF7307004FD8B1 /* Resources */ = {
			isa = PBXResourcesBuildPhase;
			buildActionMask = 2147483647;
			files = (
			);
			runOnlyForDeploymentPostprocessing = 0;
		};
/* End PBXResourcesBuildPhase section */

/* Begin PBXSourcesBuildPhase section */
		43C5A1C328DF7306004FD8B1 /* Sources */ = {
			isa = PBXSourcesBuildPhase;
			buildActionMask = 2147483647;
			files = (
				43C5A1F528DF8B95004FD8B1 /* Alert.swift in Sources */,
				43C5A1CD28DF7306004FD8B1 /* ContentView.swift in Sources */,
				43C5A1CB28DF7306004FD8B1 /* Tic_Tac_ToeApp.swift in Sources */,
			);
			runOnlyForDeploymentPostprocessing = 0;
		};
		43C5A1D328DF7307004FD8B1 /* Sources */ = {
			isa = PBXSourcesBuildPhase;
			buildActionMask = 2147483647;
			files = (
				43C5A1DC28DF7307004FD8B1 /* Tic_Tac_ToeTests.swift in Sources */,
			);
			runOnlyForDeploymentPostprocessing = 0;
		};
		43C5A1DD28DF7307004FD8B1 /* Sources */ = {
			isa = PBXSourcesBuildPhase;
			buildActionMask = 2147483647;
			files = (
				43C5A1E628DF7307004FD8B1 /* Tic_Tac_ToeUITests.swift in Sources */,
				43C5A1E828DF7307004FD8B1 /* Tic_Tac_ToeUITestsLaunchTests.swift in Sources */,
			);
			runOnlyForDeploymentPostprocessing = 0;
		};
/* End PBXSourcesBuildPhase section */

/* Begin PBXTargetDependency section */
		43C5A1D928DF7307004FD8B1 /* PBXTargetDependency */ = {
			isa = PBXTargetDependency;
			target = 43C5A1C628DF7306004FD8B1 /* Tic Tac Toe */;
			targetProxy = 43C5A1D828DF7307004FD8B1 /* PBXContainerItemProxy */;
		};
		43C5A1E328DF7307004FD8B1 /* PBXTargetDependency */ = {
			isa = PBXTargetDependency;
			target = 43C5A1C628DF7306004FD8B1 /* Tic Tac Toe */;
			targetProxy = 43C5A1E228DF7307004FD8B1 /* PBXContainerItemProxy */;
		};
/* End PBXTargetDependency section */

/* Begin XCBuildConfiguration section */
		43C5A1E928DF7307004FD8B1 /* Debug */ = {
			isa = XCBuildConfiguration;
			buildSettings = {
				ALWAYS_SEARCH_USER_PATHS = NO;
				CLANG_ANALYZER_NONNULL = YES;
				CLANG_ANALYZER_NUMBER_OBJECT_CONVERSION = YES_AGGRESSIVE;
				CLANG_CXX_LANGUAGE_STANDARD = "gnu++20";
				CLANG_ENABLE_MODULES = YES;
				CLANG_ENABLE_OBJC_ARC = YES;
				CLANG_ENABLE_OBJC_WEAK = YES;
				CLANG_WARN_BLOCK_CAPTURE_AUTORELEASING = YES;
				CLANG_WARN_BOOL_CONVERSION = YES;
				CLANG_WARN_COMMA = YES;
				CLANG_WARN_CONSTANT_CONVERSION = YES;
				CLANG_WARN_DEPRECATED_OBJC_IMPLEMENTATIONS = YES;
				CLANG_WARN_DIRECT_OBJC_ISA_USAGE = YES_ERROR;
				CLANG_WARN_DOCUMENTATION_COMMENTS = YES;
				CLANG_WARN_EMPTY_BODY = YES;
				CLANG_WARN_ENUM_CONVERSION = YES;
				CLANG_WARN_INFINITE_RECURSION = YES;
				CLANG_WARN_INT_CONVERSION = YES;
				CLANG_WARN_NON_LITERAL_NULL_CONVERSION = YES;
				CLANG_WARN_OBJC_IMPLICIT_RETAIN_SELF = YES;
				CLANG_WARN_OBJC_LITERAL_CONVERSION = YES;
				CLANG_WARN_OBJC_ROOT_CLASS = YES_ERROR;
				CLANG_WARN_QUOTED_INCLUDE_IN_FRAMEWORK_HEADER = YES;
				CLANG_WARN_RANGE_LOOP_ANALYSIS = YES;
				CLANG_WARN_STRICT_PROTOTYPES = YES;
				CLANG_WARN_SUSPICIOUS_MOVE = YES;
				CLANG_WARN_UNGUARDED_AVAILABILITY = YES_AGGRESSIVE;
				CLANG_WARN_UNREACHABLE_CODE = YES;
				CLANG_WARN__DUPLICATE_METHOD_MATCH = YES;
				COPY_PHASE_STRIP = NO;
				DEBUG_INFORMATION_FORMAT = dwarf;
				ENABLE_STRICT_OBJC_MSGSEND = YES;
				ENABLE_TESTABILITY = YES;
				GCC_C_LANGUAGE_STANDARD = gnu11;
				GCC_DYNAMIC_NO_PIC = NO;
				GCC_NO_COMMON_BLOCKS = YES;
				GCC_OPTIMIZATION_LEVEL = 0;
				GCC_PREPROCESSOR_DEFINITIONS = (
					"DEBUG=1",
					"$(inherited)",
				);
				GCC_WARN_64_TO_32_BIT_CONVERSION = YES;
				GCC_WARN_ABOUT_RETURN_TYPE = YES_ERROR;
				GCC_WARN_UNDECLARED_SELECTOR = YES;
				GCC_WARN_UNINITIALIZED_AUTOS = YES_AGGRESSIVE;
				GCC_WARN_UNUSED_FUNCTION = YES;
				GCC_WARN_UNUSED_VARIABLE = YES;
				IPHONEOS_DEPLOYMENT_TARGET = 16.0;
				MTL_ENABLE_DEBUG_INFO = INCLUDE_SOURCE;
				MTL_FAST_MATH = YES;
				ONLY_ACTIVE_ARCH = YES;
				SDKROOT = iphoneos;
				SWIFT_ACTIVE_COMPILATION_CONDITIONS = DEBUG;
				SWIFT_OPTIMIZATION_LEVEL = "-Onone";
			};
			name = Debug;
		};
		43C5A1EA28DF7307004FD8B1 /* Release */ = {
			isa = XCBuildConfiguration;
			buildSettings = {
				ALWAYS_SEARCH_USER_PATHS = NO;
				CLANG_ANALYZER_NONNULL = YES;
				CLANG_ANALYZER_NUMBER_OBJECT_CONVERSION = YES_AGGRESSIVE;
				CLANG_CXX_LANGUAGE_STANDARD = "gnu++20";
				CLANG_ENABLE_MODULES = YES;
				CLANG_ENABLE_OBJC_ARC = YES;
				CLANG_ENABLE_OBJC_WEAK = YES;
				CLANG_WARN_BLOCK_CAPTURE_AUTORELEASING = YES;
				CLANG_WARN_BOOL_CONVERSION = YES;
				CLANG_WARN_COMMA = YES;
				CLANG_WARN_CONSTANT_CONVERSION = YES;
				CLANG_WARN_DEPRECATED_OBJC_IMPLEMENTATIONS = YES;
				CLANG_WARN_DIRECT_OBJC_ISA_USAGE = YES_ERROR;
				CLANG_WARN_DOCUMENTATION_COMMENTS = YES;
				CLANG_WARN_EMPTY_BODY = YES;
				CLANG_WARN_ENUM_CONVERSION = YES;
				CLANG_WARN_INFINITE_RECURSION = YES;
				CLANG_WARN_INT_CONVERSION = YES;
				CLANG_WARN_NON_LITERAL_NULL_CONVERSION = YES;
				CLANG_WARN_OBJC_IMPLICIT_RETAIN_SELF = YES;
				CLANG_WARN_OBJC_LITERAL_CONVERSION = YES;
				CLANG_WARN_OBJC_ROOT_CLASS = YES_ERROR;
				CLANG_WARN_QUOTED_INCLUDE_IN_FRAMEWORK_HEADER = YES;
				CLANG_WARN_RANGE_LOOP_ANALYSIS = YES;
				CLANG_WARN_STRICT_PROTOTYPES = YES;
				CLANG_WARN_SUSPICIOUS_MOVE = YES;
				CLANG_WARN_UNGUARDED_AVAILABILITY = YES_AGGRESSIVE;
				CLANG_WARN_UNREACHABLE_CODE = YES;
				CLANG_WARN__DUPLICATE_METHOD_MATCH = YES;
				COPY_PHASE_STRIP = NO;
				DEBUG_INFORMATION_FORMAT = "dwarf-with-dsym";
				ENABLE_NS_ASSERTIONS = NO;
				ENABLE_STRICT_OBJC_MSGSEND = YES;
				GCC_C_LANGUAGE_STANDARD = gnu11;
				GCC_NO_COMMON_BLOCKS = YES;
				GCC_WARN_64_TO_32_BIT_CONVERSION = YES;
				GCC_WARN_ABOUT_RETURN_TYPE = YES_ERROR;
				GCC_WARN_UNDECLARED_SELECTOR = YES;
				GCC_WARN_UNINITIALIZED_AUTOS = YES_AGGRESSIVE;
				GCC_WARN_UNUSED_FUNCTION = YES;
				GCC_WARN_UNUSED_VARIABLE = YES;
				IPHONEOS_DEPLOYMENT_TARGET = 16.0;
				MTL_ENABLE_DEBUG_INFO = NO;
				MTL_FAST_MATH = YES;
				SDKROOT = iphoneos;
				SWIFT_COMPILATION_MODE = wholemodule;
				SWIFT_OPTIMIZATION_LEVEL = "-O";
				VALIDATE_PRODUCT = YES;
			};
			name = Release;
		};
		43C5A1EC28DF7307004FD8B1 /* Debug */ = {
			isa = XCBuildConfiguration;
			buildSettings = {
				ASSETCATALOG_COMPILER_APPICON_NAME = AppIcon;
				ASSETCATALOG_COMPILER_GLOBAL_ACCENT_COLOR_NAME = AccentColor;
				CODE_SIGN_STYLE = Automatic;
				CURRENT_PROJECT_VERSION = 1;
				DEVELOPMENT_ASSET_PATHS = "\"Tic Tac Toe/Preview Content\"";
				DEVELOPMENT_TEAM = 8R7LYM727C;
				ENABLE_PREVIEWS = YES;
				GENERATE_INFOPLIST_FILE = YES;
				INFOPLIST_KEY_UIApplicationSceneManifest_Generation = YES;
				INFOPLIST_KEY_UIApplicationSupportsIndirectInputEvents = YES;
				INFOPLIST_KEY_UILaunchScreen_Generation = YES;
				INFOPLIST_KEY_UISupportedInterfaceOrientations_iPad = "UIInterfaceOrientationPortrait UIInterfaceOrientationPortraitUpsideDown UIInterfaceOrientationLandscapeLeft UIInterfaceOrientationLandscapeRight";
				INFOPLIST_KEY_UISupportedInterfaceOrientations_iPhone = "UIInterfaceOrientationPortrait UIInterfaceOrientationLandscapeLeft UIInterfaceOrientationLandscapeRight";
				LD_RUNPATH_SEARCH_PATHS = (
					"$(inherited)",
					"@executable_path/Frameworks",
				);
				MARKETING_VERSION = 1.0;
				PRODUCT_BUNDLE_IDENTIFIER = "Ali-Erdem-Ko-kcik.Tic-Tac-Toe";
				PRODUCT_NAME = "$(TARGET_NAME)";
				SWIFT_EMIT_LOC_STRINGS = YES;
				SWIFT_VERSION = 5.0;
				TARGETED_DEVICE_FAMILY = "1,2";
			};
			name = Debug;
		};
		43C5A1ED28DF7307004FD8B1 /* Release */ = {
			isa = XCBuildConfiguration;
			buildSettings = {
				ASSETCATALOG_COMPILER_APPICON_NAME = AppIcon;
				ASSETCATALOG_COMPILER_GLOBAL_ACCENT_COLOR_NAME = AccentColor;
				CODE_SIGN_STYLE = Automatic;
				CURRENT_PROJECT_VERSION = 1;
				DEVELOPMENT_ASSET_PATHS = "\"Tic Tac Toe/Preview Content\"";
				DEVELOPMENT_TEAM = 8R7LYM727C;
				ENABLE_PREVIEWS = YES;
				GENERATE_INFOPLIST_FILE = YES;
				INFOPLIST_KEY_UIApplicationSceneManifest_Generation = YES;
				INFOPLIST_KEY_UIApplicationSupportsIndirectInputEvents = YES;
				INFOPLIST_KEY_UILaunchScreen_Generation = YES;
				INFOPLIST_KEY_UISupportedInterfaceOrientations_iPad = "UIInterfaceOrientationPortrait UIInterfaceOrientationPortraitUpsideDown UIInterfaceOrientationLandscapeLeft UIInterfaceOrientationLandscapeRight";
				INFOPLIST_KEY_UISupportedInterfaceOrientations_iPhone = "UIInterfaceOrientationPortrait UIInterfaceOrientationLandscapeLeft UIInterfaceOrientationLandscapeRight";
				LD_RUNPATH_SEARCH_PATHS = (
					"$(inherited)",
					"@executable_path/Frameworks",
				);
				MARKETING_VERSION = 1.0;
				PRODUCT_BUNDLE_IDENTIFIER = "Ali-Erdem-Ko-kcik.Tic-Tac-Toe";
				PRODUCT_NAME = "$(TARGET_NAME)";
				SWIFT_EMIT_LOC_STRINGS = YES;
				SWIFT_VERSION = 5.0;
				TARGETED_DEVICE_FAMILY = "1,2";
			};
			name = Release;
		};
		43C5A1EF28DF7307004FD8B1 /* Debug */ = {
			isa = XCBuildConfiguration;
			buildSettings = {
				ALWAYS_EMBED_SWIFT_STANDARD_LIBRARIES = YES;
				BUNDLE_LOADER = "$(TEST_HOST)";
				CODE_SIGN_STYLE = Automatic;
				CURRENT_PROJECT_VERSION = 1;
				DEVELOPMENT_TEAM = 8R7LYM727C;
				GENERATE_INFOPLIST_FILE = YES;
				IPHONEOS_DEPLOYMENT_TARGET = 16.0;
				MARKETING_VERSION = 1.0;
				PRODUCT_BUNDLE_IDENTIFIER = "Ali-Erdem-Ko-kcik.Tic-Tac-ToeTests";
				PRODUCT_NAME = "$(TARGET_NAME)";
				SWIFT_EMIT_LOC_STRINGS = NO;
				SWIFT_VERSION = 5.0;
				TARGETED_DEVICE_FAMILY = "1,2";
				TEST_HOST = "$(BUILT_PRODUCTS_DIR)/Tic Tac Toe.app/$(BUNDLE_EXECUTABLE_FOLDER_PATH)/Tic Tac Toe";
			};
			name = Debug;
		};
		43C5A1F028DF7307004FD8B1 /* Release */ = {
			isa = XCBuildConfiguration;
			buildSettings = {
				ALWAYS_EMBED_SWIFT_STANDARD_LIBRARIES = YES;
				BUNDLE_LOADER = "$(TEST_HOST)";
				CODE_SIGN_STYLE = Automatic;
				CURRENT_PROJECT_VERSION = 1;
				DEVELOPMENT_TEAM = 8R7LYM727C;
				GENERATE_INFOPLIST_FILE = YES;
				IPHONEOS_DEPLOYMENT_TARGET = 16.0;
				MARKETING_VERSION = 1.0;
				PRODUCT_BUNDLE_IDENTIFIER = "Ali-Erdem-Ko-kcik.Tic-Tac-ToeTests";
				PRODUCT_NAME = "$(TARGET_NAME)";
				SWIFT_EMIT_LOC_STRINGS = NO;
				SWIFT_VERSION = 5.0;
				TARGETED_DEVICE_FAMILY = "1,2";
				TEST_HOST = "$(BUILT_PRODUCTS_DIR)/Tic Tac Toe.app/$(BUNDLE_EXECUTABLE_FOLDER_PATH)/Tic Tac Toe";
			};
			name = Release;
		};
		43C5A1F228DF7307004FD8B1 /* Debug */ = {
			isa = XCBuildConfiguration;
			buildSettings = {
				ALWAYS_EMBED_SWIFT_STANDARD_LIBRARIES = YES;
				CODE_SIGN_STYLE = Automatic;
				CURRENT_PROJECT_VERSION = 1;
				DEVELOPMENT_TEAM = 8R7LYM727C;
				GENERATE_INFOPLIST_FILE = YES;
				MARKETING_VERSION = 1.0;
				PRODUCT_BUNDLE_IDENTIFIER = "Ali-Erdem-Ko-kcik.Tic-Tac-ToeUITests";
				PRODUCT_NAME = "$(TARGET_NAME)";
				SWIFT_EMIT_LOC_STRINGS = NO;
				SWIFT_VERSION = 5.0;
				TARGETED_DEVICE_FAMILY = "1,2";
				TEST_TARGET_NAME = "Tic Tac Toe";
			};
			name = Debug;
		};
		43C5A1F328DF7307004FD8B1 /* Release */ = {
			isa = XCBuildConfiguration;
			buildSettings = {
				ALWAYS_EMBED_SWIFT_STANDARD_LIBRARIES = YES;
				CODE_SIGN_STYLE = Automatic;
				CURRENT_PROJECT_VERSION = 1;
				DEVELOPMENT_TEAM = 8R7LYM727C;
				GENERATE_INFOPLIST_FILE = YES;
				MARKETING_VERSION = 1.0;
				PRODUCT_BUNDLE_IDENTIFIER = "Ali-Erdem-Ko-kcik.Tic-Tac-ToeUITests";
				PRODUCT_NAME = "$(TARGET_NAME)";
				SWIFT_EMIT_LOC_STRINGS = NO;
				SWIFT_VERSION = 5.0;
				TARGETED_DEVICE_FAMILY = "1,2";
				TEST_TARGET_NAME = "Tic Tac Toe";
			};
			name = Release;
		};
/* End XCBuildConfiguration section */

/* Begin XCConfigurationList section */
		43C5A1C228DF7306004FD8B1 /* Build configuration list for PBXProject "Tic Tac Toe" */ = {
			isa = XCConfigurationList;
			buildConfigurations = (
				43C5A1E928DF7307004FD8B1 /* Debug */,
				43C5A1EA28DF7307004FD8B1 /* Release */,
			);
			defaultConfigurationIsVisible = 0;
			defaultConfigurationName = Release;
		};
		43C5A1EB28DF7307004FD8B1 /* Build configuration list for PBXNativeTarget "Tic Tac Toe" */ = {
			isa = XCConfigurationList;
			buildConfigurations = (
				43C5A1EC28DF7307004FD8B1 /* Debug */,
				43C5A1ED28DF7307004FD8B1 /* Release */,
			);
			defaultConfigurationIsVisible = 0;
			defaultConfigurationName = Release;
		};
		43C5A1EE28DF7307004FD8B1 /* Build configuration list for PBXNativeTarget "Tic Tac ToeTests" */ = {
			isa = XCConfigurationList;
			buildConfigurations = (
				43C5A1EF28DF7307004FD8B1 /* Debug */,
				43C5A1F028DF7307004FD8B1 /* Release */,
			);
			defaultConfigurationIsVisible = 0;
			defaultConfigurationName = Release;
		};
		43C5A1F128DF7307004FD8B1 /* Build configuration list for PBXNativeTarget "Tic Tac ToeUITests" */ = {
			isa = XCConfigurationList;
			buildConfigurations = (
				43C5A1F228DF7307004FD8B1 /* Debug */,
				43C5A1F328DF7307004FD8B1 /* Release */,
			);
			defaultConfigurationIsVisible = 0;
			defaultConfigurationName = Release;
		};
/* End XCConfigurationList section */
	};
	rootObject = 43C5A1BF28DF7306004FD8B1 /* Project object */;
}
